// !$*UTF8*$!
{
	archiveVersion = 1;
	classes = {
	};
	objectVersion = 50;
	objects = {

/* Begin PBXBuildFile section */
		57657D2C22150DFE0010BAE9 /* chooseClassViewController.swift in Sources */ = {isa = PBXBuildFile; fileRef = 57657D2B22150DFE0010BAE9 /* chooseClassViewController.swift */; };
		99EA0DCFD747C35F603AE06F /* Pods_TakeANumber.framework in Frameworks */ = {isa = PBXBuildFile; fileRef = D5308BDD1FC725FFDA8C332A /* Pods_TakeANumber.framework */; };
		ED15C11D220E8794006DD85C /* AppDelegate.swift in Sources */ = {isa = PBXBuildFile; fileRef = ED15C11C220E8794006DD85C /* AppDelegate.swift */; };
		ED15C122220E8794006DD85C /* Main.storyboard in Resources */ = {isa = PBXBuildFile; fileRef = ED15C120220E8794006DD85C /* Main.storyboard */; };
		ED15C124220E8796006DD85C /* Assets.xcassets in Resources */ = {isa = PBXBuildFile; fileRef = ED15C123220E8796006DD85C /* Assets.xcassets */; };
		ED15C127220E8796006DD85C /* LaunchScreen.storyboard in Resources */ = {isa = PBXBuildFile; fileRef = ED15C125220E8796006DD85C /* LaunchScreen.storyboard */; };
		ED15C12F220E8858006DD85C /* TAViewController.swift in Sources */ = {isa = PBXBuildFile; fileRef = ED15C12E220E8858006DD85C /* TAViewController.swift */; };
		ED15C131220E8A7F006DD85C /* GoogleService-Info.plist in Resources */ = {isa = PBXBuildFile; fileRef = ED15C130220E8A7F006DD85C /* GoogleService-Info.plist */; };
		ED290CCA22109872002768FB /* Student.swift in Sources */ = {isa = PBXBuildFile; fileRef = ED290CC922109872002768FB /* Student.swift */; };
		EDCE295D2211F84B0053F428 /* LoginViewController.swift in Sources */ = {isa = PBXBuildFile; fileRef = EDCE295C2211F84B0053F428 /* LoginViewController.swift */; };
		EDCE296722125B280053F428 /* StudentViewController.swift in Sources */ = {isa = PBXBuildFile; fileRef = EDCE296622125B280053F428 /* StudentViewController.swift */; };
/* End PBXBuildFile section */

/* Begin PBXFileReference section */
		57657D2B22150DFE0010BAE9 /* chooseClassViewController.swift */ = {isa = PBXFileReference; lastKnownFileType = sourcecode.swift; path = chooseClassViewController.swift; sourceTree = "<group>"; };
		6AEDC37C499E4EFE4EAE25E9 /* Pods-TakeANumber.debug.xcconfig */ = {isa = PBXFileReference; includeInIndex = 1; lastKnownFileType = text.xcconfig; name = "Pods-TakeANumber.debug.xcconfig"; path = "Pods/Target Support Files/Pods-TakeANumber/Pods-TakeANumber.debug.xcconfig"; sourceTree = "<group>"; };
		98F6C9378BA8F73E35EDF8EC /* Pods-TakeANumber.release.xcconfig */ = {isa = PBXFileReference; includeInIndex = 1; lastKnownFileType = text.xcconfig; name = "Pods-TakeANumber.release.xcconfig"; path = "Pods/Target Support Files/Pods-TakeANumber/Pods-TakeANumber.release.xcconfig"; sourceTree = "<group>"; };
		D5308BDD1FC725FFDA8C332A /* Pods_TakeANumber.framework */ = {isa = PBXFileReference; explicitFileType = wrapper.framework; includeInIndex = 0; path = Pods_TakeANumber.framework; sourceTree = BUILT_PRODUCTS_DIR; };
		ED15C119220E8794006DD85C /* TakeANumber.app */ = {isa = PBXFileReference; explicitFileType = wrapper.application; includeInIndex = 0; path = TakeANumber.app; sourceTree = BUILT_PRODUCTS_DIR; };
		ED15C11C220E8794006DD85C /* AppDelegate.swift */ = {isa = PBXFileReference; lastKnownFileType = sourcecode.swift; path = AppDelegate.swift; sourceTree = "<group>"; };
		ED15C121220E8794006DD85C /* Base */ = {isa = PBXFileReference; lastKnownFileType = file.storyboard; name = Base; path = Base.lproj/Main.storyboard; sourceTree = "<group>"; };
		ED15C123220E8796006DD85C /* Assets.xcassets */ = {isa = PBXFileReference; lastKnownFileType = folder.assetcatalog; path = Assets.xcassets; sourceTree = "<group>"; };
		ED15C126220E8796006DD85C /* Base */ = {isa = PBXFileReference; lastKnownFileType = file.storyboard; name = Base; path = Base.lproj/LaunchScreen.storyboard; sourceTree = "<group>"; };
		ED15C128220E8796006DD85C /* Info.plist */ = {isa = PBXFileReference; lastKnownFileType = text.plist.xml; path = Info.plist; sourceTree = "<group>"; };
		ED15C12E220E8858006DD85C /* TAViewController.swift */ = {isa = PBXFileReference; lastKnownFileType = sourcecode.swift; path = TAViewController.swift; sourceTree = "<group>"; };
		ED15C130220E8A7F006DD85C /* GoogleService-Info.plist */ = {isa = PBXFileReference; fileEncoding = 4; lastKnownFileType = text.plist.xml; path = "GoogleService-Info.plist"; sourceTree = "<group>"; };
		ED290CC922109872002768FB /* Student.swift */ = {isa = PBXFileReference; lastKnownFileType = sourcecode.swift; path = Student.swift; sourceTree = "<group>"; };
		EDCE295C2211F84B0053F428 /* LoginViewController.swift */ = {isa = PBXFileReference; lastKnownFileType = sourcecode.swift; path = LoginViewController.swift; sourceTree = "<group>"; };
		EDCE296622125B280053F428 /* StudentViewController.swift */ = {isa = PBXFileReference; lastKnownFileType = sourcecode.swift; path = StudentViewController.swift; sourceTree = "<group>"; };
/* End PBXFileReference section */

/* Begin PBXFrameworksBuildPhase section */
		ED15C116220E8794006DD85C /* Frameworks */ = {
			isa = PBXFrameworksBuildPhase;
			buildActionMask = 2147483647;
			files = (
				99EA0DCFD747C35F603AE06F /* Pods_TakeANumber.framework in Frameworks */,
			);
			runOnlyForDeploymentPostprocessing = 0;
		};
/* End PBXFrameworksBuildPhase section */

/* Begin PBXGroup section */
		B43520240285356A7A15E143 /* Frameworks */ = {
			isa = PBXGroup;
			children = (
				D5308BDD1FC725FFDA8C332A /* Pods_TakeANumber.framework */,
			);
			name = Frameworks;
			sourceTree = "<group>";
		};
		BF83807DE19E1BAC5F50EA3E /* Pods */ = {
			isa = PBXGroup;
			children = (
				6AEDC37C499E4EFE4EAE25E9 /* Pods-TakeANumber.debug.xcconfig */,
				98F6C9378BA8F73E35EDF8EC /* Pods-TakeANumber.release.xcconfig */,
			);
			name = Pods;
			sourceTree = "<group>";
		};
		ED15C110220E8794006DD85C = {
			isa = PBXGroup;
			children = (
				ED15C11B220E8794006DD85C /* TakeANumber */,
				ED15C11A220E8794006DD85C /* Products */,
				ED15C130220E8A7F006DD85C /* GoogleService-Info.plist */,
				BF83807DE19E1BAC5F50EA3E /* Pods */,
				B43520240285356A7A15E143 /* Frameworks */,
			);
			sourceTree = "<group>";
		};
		ED15C11A220E8794006DD85C /* Products */ = {
			isa = PBXGroup;
			children = (
				ED15C119220E8794006DD85C /* TakeANumber.app */,
			);
			name = Products;
			sourceTree = "<group>";
		};
		ED15C11B220E8794006DD85C /* TakeANumber */ = {
			isa = PBXGroup;
			children = (
				ED4B8C6722125CBA0085DF99 /* Views */,
				ED15C128220E8796006DD85C /* Info.plist */,
				ED4B8C6622125C5B0085DF99 /* Supporting Files */,
				ED4B8C6522125C310085DF99 /* Model objects */,
				ED4B8C6422125C040085DF99 /* Controllers */,
			);
			path = TakeANumber;
			sourceTree = "<group>";
		};
		ED4B8C6422125C040085DF99 /* Controllers */ = {
			isa = PBXGroup;
			children = (
				ED15C12E220E8858006DD85C /* TAViewController.swift */,
				57657D2B22150DFE0010BAE9 /* chooseClassViewController.swift */,
				EDCE295C2211F84B0053F428 /* LoginViewController.swift */,
				EDCE296622125B280053F428 /* StudentViewController.swift */,
			);
			path = Controllers;
			sourceTree = "<group>";
		};
		ED4B8C6522125C310085DF99 /* Model objects */ = {
			isa = PBXGroup;
			children = (
				ED290CC922109872002768FB /* Student.swift */,
			);
			path = "Model objects";
			sourceTree = "<group>";
		};
		ED4B8C6622125C5B0085DF99 /* Supporting Files */ = {
			isa = PBXGroup;
			children = (
				ED15C11C220E8794006DD85C /* AppDelegate.swift */,
				ED15C123220E8796006DD85C /* Assets.xcassets */,
			);
			path = "Supporting Files";
			sourceTree = "<group>";
		};
		ED4B8C6722125CBA0085DF99 /* Views */ = {
			isa = PBXGroup;
			children = (
				ED15C125220E8796006DD85C /* LaunchScreen.storyboard */,
				ED15C120220E8794006DD85C /* Main.storyboard */,
			);
			path = Views;
			sourceTree = "<group>";
		};
/* End PBXGroup section */

/* Begin PBXNativeTarget section */
		ED15C118220E8794006DD85C /* TakeANumber */ = {
			isa = PBXNativeTarget;
			buildConfigurationList = ED15C12B220E8796006DD85C /* Build configuration list for PBXNativeTarget "TakeANumber" */;
			buildPhases = (
				B25F87A6A3C62B2DA6ABAB8A /* [CP] Check Pods Manifest.lock */,
				ED15C115220E8794006DD85C /* Sources */,
				ED15C116220E8794006DD85C /* Frameworks */,
				ED15C117220E8794006DD85C /* Resources */,
				11A064C862D61DB9EA5C983E /* [CP] Embed Pods Frameworks */,
			);
			buildRules = (
			);
			dependencies = (
			);
			name = TakeANumber;
			productName = TakeANumber;
			productReference = ED15C119220E8794006DD85C /* TakeANumber.app */;
			productType = "com.apple.product-type.application";
		};
/* End PBXNativeTarget section */

/* Begin PBXProject section */
		ED15C111220E8794006DD85C /* Project object */ = {
			isa = PBXProject;
			attributes = {
				LastSwiftUpdateCheck = 1010;
				LastUpgradeCheck = 1010;
				ORGANIZATIONNAME = "Steven Blair";
				TargetAttributes = {
					ED15C118220E8794006DD85C = {
						CreatedOnToolsVersion = 10.1;
					};
				};
			};
			buildConfigurationList = ED15C114220E8794006DD85C /* Build configuration list for PBXProject "TakeANumber" */;
			compatibilityVersion = "Xcode 9.3";
			developmentRegion = en;
			hasScannedForEncodings = 0;
			knownRegions = (
				en,
				Base,
			);
			mainGroup = ED15C110220E8794006DD85C;
			productRefGroup = ED15C11A220E8794006DD85C /* Products */;
			projectDirPath = "";
			projectRoot = "";
			targets = (
				ED15C118220E8794006DD85C /* TakeANumber */,
			);
		};
/* End PBXProject section */

/* Begin PBXResourcesBuildPhase section */
		ED15C117220E8794006DD85C /* Resources */ = {
			isa = PBXResourcesBuildPhase;
			buildActionMask = 2147483647;
			files = (
				ED15C127220E8796006DD85C /* LaunchScreen.storyboard in Resources */,
				ED15C131220E8A7F006DD85C /* GoogleService-Info.plist in Resources */,
				ED15C124220E8796006DD85C /* Assets.xcassets in Resources */,
				ED15C122220E8794006DD85C /* Main.storyboard in Resources */,
			);
			runOnlyForDeploymentPostprocessing = 0;
		};
/* End PBXResourcesBuildPhase section */

/* Begin PBXShellScriptBuildPhase section */
		11A064C862D61DB9EA5C983E /* [CP] Embed Pods Frameworks */ = {
			isa = PBXShellScriptBuildPhase;
			buildActionMask = 2147483647;
			files = (
			);
			inputFileListPaths = (
			);
			inputPaths = (
				"${SRCROOT}/Pods/Target Support Files/Pods-TakeANumber/Pods-TakeANumber-frameworks.sh",
				"${BUILT_PRODUCTS_DIR}/GoogleUtilities/GoogleUtilities.framework",
				"${BUILT_PRODUCTS_DIR}/leveldb-library/leveldb.framework",
				"${BUILT_PRODUCTS_DIR}/nanopb/nanopb.framework",
			);
			name = "[CP] Embed Pods Frameworks";
			outputFileListPaths = (
			);
			outputPaths = (
				"${TARGET_BUILD_DIR}/${FRAMEWORKS_FOLDER_PATH}/GoogleUtilities.framework",
				"${TARGET_BUILD_DIR}/${FRAMEWORKS_FOLDER_PATH}/leveldb.framework",
				"${TARGET_BUILD_DIR}/${FRAMEWORKS_FOLDER_PATH}/nanopb.framework",
			);
			runOnlyForDeploymentPostprocessing = 0;
			shellPath = /bin/sh;
			shellScript = "\"${SRCROOT}/Pods/Target Support Files/Pods-TakeANumber/Pods-TakeANumber-frameworks.sh\"\n";
			showEnvVarsInLog = 0;
		};
		B25F87A6A3C62B2DA6ABAB8A /* [CP] Check Pods Manifest.lock */ = {
			isa = PBXShellScriptBuildPhase;
			buildActionMask = 2147483647;
			files = (
			);
			inputFileListPaths = (
			);
			inputPaths = (
				"${PODS_PODFILE_DIR_PATH}/Podfile.lock",
				"${PODS_ROOT}/Manifest.lock",
			);
			name = "[CP] Check Pods Manifest.lock";
			outputFileListPaths = (
			);
			outputPaths = (
				"$(DERIVED_FILE_DIR)/Pods-TakeANumber-checkManifestLockResult.txt",
			);
			runOnlyForDeploymentPostprocessing = 0;
			shellPath = /bin/sh;
			shellScript = "diff \"${PODS_PODFILE_DIR_PATH}/Podfile.lock\" \"${PODS_ROOT}/Manifest.lock\" > /dev/null\nif [ $? != 0 ] ; then\n    # print error to STDERR\n    echo \"error: The sandbox is not in sync with the Podfile.lock. Run 'pod install' or update your CocoaPods installation.\" >&2\n    exit 1\nfi\n# This output is used by Xcode 'outputs' to avoid re-running this script phase.\necho \"SUCCESS\" > \"${SCRIPT_OUTPUT_FILE_0}\"\n";
			showEnvVarsInLog = 0;
		};
/* End PBXShellScriptBuildPhase section */

/* Begin PBXSourcesBuildPhase section */
		ED15C115220E8794006DD85C /* Sources */ = {
			isa = PBXSourcesBuildPhase;
			buildActionMask = 2147483647;
			files = (
				57657D2C22150DFE0010BAE9 /* chooseClassViewController.swift in Sources */,
				EDCE296722125B280053F428 /* StudentViewController.swift in Sources */,
				EDCE295D2211F84B0053F428 /* LoginViewController.swift in Sources */,
				ED15C11D220E8794006DD85C /* AppDelegate.swift in Sources */,
				ED15C12F220E8858006DD85C /* TAViewController.swift in Sources */,
				ED290CCA22109872002768FB /* Student.swift in Sources */,
			);
			runOnlyForDeploymentPostprocessing = 0;
		};
/* End PBXSourcesBuildPhase section */

/* Begin PBXVariantGroup section */
		ED15C120220E8794006DD85C /* Main.storyboard */ = {
			isa = PBXVariantGroup;
			children = (
				ED15C121220E8794006DD85C /* Base */,
			);
			name = Main.storyboard;
			sourceTree = "<group>";
		};
		ED15C125220E8796006DD85C /* LaunchScreen.storyboard */ = {
			isa = PBXVariantGroup;
			children = (
				ED15C126220E8796006DD85C /* Base */,
			);
			name = LaunchScreen.storyboard;
			sourceTree = "<group>";
		};
/* End PBXVariantGroup section */

/* Begin XCBuildConfiguration section */
		ED15C129220E8796006DD85C /* Debug */ = {
			isa = XCBuildConfiguration;
			buildSettings = {
				ALWAYS_SEARCH_USER_PATHS = NO;
				CLANG_ANALYZER_NONNULL = YES;
				CLANG_ANALYZER_NUMBER_OBJECT_CONVERSION = YES_AGGRESSIVE;
				CLANG_CXX_LANGUAGE_STANDARD = "gnu++14";
				CLANG_CXX_LIBRARY = "libc++";
				CLANG_ENABLE_MODULES = YES;
				CLANG_ENABLE_OBJC_ARC = YES;
				CLANG_ENABLE_OBJC_WEAK = YES;
				CLANG_WARN_BLOCK_CAPTURE_AUTORELEASING = YES;
				CLANG_WARN_BOOL_CONVERSION = YES;
				CLANG_WARN_COMMA = YES;
				CLANG_WARN_CONSTANT_CONVERSION = YES;
				CLANG_WARN_DEPRECATED_OBJC_IMPLEMENTATIONS = YES;
				CLANG_WARN_DIRECT_OBJC_ISA_USAGE = YES_ERROR;
				CLANG_WARN_DOCUMENTATION_COMMENTS = YES;
				CLANG_WARN_EMPTY_BODY = YES;
				CLANG_WARN_ENUM_CONVERSION = YES;
				CLANG_WARN_INFINITE_RECURSION = YES;
				CLANG_WARN_INT_CONVERSION = YES;
				CLANG_WARN_NON_LITERAL_NULL_CONVERSION = YES;
				CLANG_WARN_OBJC_IMPLICIT_RETAIN_SELF = YES;
				CLANG_WARN_OBJC_LITERAL_CONVERSION = YES;
				CLANG_WARN_OBJC_ROOT_CLASS = YES_ERROR;
				CLANG_WARN_RANGE_LOOP_ANALYSIS = YES;
				CLANG_WARN_STRICT_PROTOTYPES = YES;
				CLANG_WARN_SUSPICIOUS_MOVE = YES;
				CLANG_WARN_UNGUARDED_AVAILABILITY = YES_AGGRESSIVE;
				CLANG_WARN_UNREACHABLE_CODE = YES;
				CLANG_WARN__DUPLICATE_METHOD_MATCH = YES;
				CODE_SIGN_IDENTITY = "iPhone Developer";
				COPY_PHASE_STRIP = NO;
				DEBUG_INFORMATION_FORMAT = dwarf;
				ENABLE_STRICT_OBJC_MSGSEND = YES;
				ENABLE_TESTABILITY = YES;
				GCC_C_LANGUAGE_STANDARD = gnu11;
				GCC_DYNAMIC_NO_PIC = NO;
				GCC_NO_COMMON_BLOCKS = YES;
				GCC_OPTIMIZATION_LEVEL = 0;
				GCC_PREPROCESSOR_DEFINITIONS = (
					"DEBUG=1",
					"$(inherited)",
				);
				GCC_WARN_64_TO_32_BIT_CONVERSION = YES;
				GCC_WARN_ABOUT_RETURN_TYPE = YES_ERROR;
				GCC_WARN_UNDECLARED_SELECTOR = YES;
				GCC_WARN_UNINITIALIZED_AUTOS = YES_AGGRESSIVE;
				GCC_WARN_UNUSED_FUNCTION = YES;
				GCC_WARN_UNUSED_VARIABLE = YES;
				IPHONEOS_DEPLOYMENT_TARGET = 12.1;
				MTL_ENABLE_DEBUG_INFO = INCLUDE_SOURCE;
				MTL_FAST_MATH = YES;
				ONLY_ACTIVE_ARCH = YES;
				SDKROOT = iphoneos;
				SWIFT_ACTIVE_COMPILATION_CONDITIONS = DEBUG;
				SWIFT_OPTIMIZATION_LEVEL = "-Onone";
			};
			name = Debug;
		};
		ED15C12A220E8796006DD85C /* Release */ = {
			isa = XCBuildConfiguration;
			buildSettings = {
				ALWAYS_SEARCH_USER_PATHS = NO;
				CLANG_ANALYZER_NONNULL = YES;
				CLANG_ANALYZER_NUMBER_OBJECT_CONVERSION = YES_AGGRESSIVE;
				CLANG_CXX_LANGUAGE_STANDARD = "gnu++14";
				CLANG_CXX_LIBRARY = "libc++";
				CLANG_ENABLE_MODULES = YES;
				CLANG_ENABLE_OBJC_ARC = YES;
				CLANG_ENABLE_OBJC_WEAK = YES;
				CLANG_WARN_BLOCK_CAPTURE_AUTORELEASING = YES;
				CLANG_WARN_BOOL_CONVERSION = YES;
				CLANG_WARN_COMMA = YES;
				CLANG_WARN_CONSTANT_CONVERSION = YES;
				CLANG_WARN_DEPRECATED_OBJC_IMPLEMENTATIONS = YES;
				CLANG_WARN_DIRECT_OBJC_ISA_USAGE = YES_ERROR;
				CLANG_WARN_DOCUMENTATION_COMMENTS = YES;
				CLANG_WARN_EMPTY_BODY = YES;
				CLANG_WARN_ENUM_CONVERSION = YES;
				CLANG_WARN_INFINITE_RECURSION = YES;
				CLANG_WARN_INT_CONVERSION = YES;
				CLANG_WARN_NON_LITERAL_NULL_CONVERSION = YES;
				CLANG_WARN_OBJC_IMPLICIT_RETAIN_SELF = YES;
				CLANG_WARN_OBJC_LITERAL_CONVERSION = YES;
				CLANG_WARN_OBJC_ROOT_CLASS = YES_ERROR;
				CLANG_WARN_RANGE_LOOP_ANALYSIS = YES;
				CLANG_WARN_STRICT_PROTOTYPES = YES;
				CLANG_WARN_SUSPICIOUS_MOVE = YES;
				CLANG_WARN_UNGUARDED_AVAILABILITY = YES_AGGRESSIVE;
				CLANG_WARN_UNREACHABLE_CODE = YES;
				CLANG_WARN__DUPLICATE_METHOD_MATCH = YES;
				CODE_SIGN_IDENTITY = "iPhone Developer";
				COPY_PHASE_STRIP = NO;
				DEBUG_INFORMATION_FORMAT = "dwarf-with-dsym";
				ENABLE_NS_ASSERTIONS = NO;
				ENABLE_STRICT_OBJC_MSGSEND = YES;
				GCC_C_LANGUAGE_STANDARD = gnu11;
				GCC_NO_COMMON_BLOCKS = YES;
				GCC_WARN_64_TO_32_BIT_CONVERSION = YES;
				GCC_WARN_ABOUT_RETURN_TYPE = YES_ERROR;
				GCC_WARN_UNDECLARED_SELECTOR = YES;
				GCC_WARN_UNINITIALIZED_AUTOS = YES_AGGRESSIVE;
				GCC_WARN_UNUSED_FUNCTION = YES;
				GCC_WARN_UNUSED_VARIABLE = YES;
				IPHONEOS_DEPLOYMENT_TARGET = 12.1;
				MTL_ENABLE_DEBUG_INFO = NO;
				MTL_FAST_MATH = YES;
				SDKROOT = iphoneos;
				SWIFT_COMPILATION_MODE = wholemodule;
				SWIFT_OPTIMIZATION_LEVEL = "-O";
				VALIDATE_PRODUCT = YES;
			};
			name = Release;
		};
		ED15C12C220E8796006DD85C /* Debug */ = {
			isa = XCBuildConfiguration;
			baseConfigurationReference = 6AEDC37C499E4EFE4EAE25E9 /* Pods-TakeANumber.debug.xcconfig */;
			buildSettings = {
				ASSETCATALOG_COMPILER_APPICON_NAME = AppIcon;
				CODE_SIGN_STYLE = Automatic;
				DEVELOPMENT_TEAM = "";
				INFOPLIST_FILE = TakeANumber/Info.plist;
				LD_RUNPATH_SEARCH_PATHS = (
					"$(inherited)",
					"@executable_path/Frameworks",
				);
				PRODUCT_BUNDLE_IDENTIFIER = blair.steven.TakeANumber;
				PRODUCT_NAME = "$(TARGET_NAME)";
				SWIFT_VERSION = 4.2;
				TARGETED_DEVICE_FAMILY = "1,2";
			};
			name = Debug;
		};
		ED15C12D220E8796006DD85C /* Release */ = {
			isa = XCBuildConfiguration;
			baseConfigurationReference = 98F6C9378BA8F73E35EDF8EC /* Pods-TakeANumber.release.xcconfig */;
			buildSettings = {
				ASSETCATALOG_COMPILER_APPICON_NAME = AppIcon;
				CODE_SIGN_STYLE = Automatic;
				DEVELOPMENT_TEAM = "";
				INFOPLIST_FILE = TakeANumber/Info.plist;
				LD_RUNPATH_SEARCH_PATHS = (
					"$(inherited)",
					"@executable_path/Frameworks",
				);
				PRODUCT_BUNDLE_IDENTIFIER = blair.steven.TakeANumber;
				PRODUCT_NAME = "$(TARGET_NAME)";
				SWIFT_VERSION = 4.2;
				TARGETED_DEVICE_FAMILY = "1,2";
			};
			name = Release;
		};
/* End XCBuildConfiguration section */

/* Begin XCConfigurationList section */
		ED15C114220E8794006DD85C /* Build configuration list for PBXProject "TakeANumber" */ = {
			isa = XCConfigurationList;
			buildConfigurations = (
				ED15C129220E8796006DD85C /* Debug */,
				ED15C12A220E8796006DD85C /* Release */,
			);
			defaultConfigurationIsVisible = 0;
			defaultConfigurationName = Release;
		};
		ED15C12B220E8796006DD85C /* Build configuration list for PBXNativeTarget "TakeANumber" */ = {
			isa = XCConfigurationList;
			buildConfigurations = (
				ED15C12C220E8796006DD85C /* Debug */,
				ED15C12D220E8796006DD85C /* Release */,
			);
			defaultConfigurationIsVisible = 0;
			defaultConfigurationName = Release;
		};
/* End XCConfigurationList section */
	};
	rootObject = ED15C111220E8794006DD85C /* Project object */;
}
